
Microsoft Visual Studio Solution File, Format Version 12.00
# Visual Studio Version 17
VisualStudioVersion = 17.12.35506.116
MinimumVisualStudioVersion = 10.0.40219.1
Project("{FAE04EC0-301F-11D3-BF4B-00C04F79EFBC}") = "MainApp", "MainApp\MainApp.csproj", "{B6999B1F-7B49-44D7-A415-0CFB42DE0C1F}"
EndProject
Project("{FAE04EC0-301F-11D3-BF4B-00C04F79EFBC}") = "Business", "Business\Business.csproj", "{27C3885B-388C-4B32-8E75-B95CB2F576D8}"
EndProject
Project("{FAE04EC0-301F-11D3-BF4B-00C04F79EFBC}") = "Data", "Data\Data.csproj", "{31D8D3D1-A73E-417E-8026-55F91BB8A66F}"
EndProject
Global
	GlobalSection(SolutionConfigurationPlatforms) = preSolution
		Debug|Any CPU = Debug|Any CPU
		Release|Any CPU = Release|Any CPU
	EndGlobalSection
	GlobalSection(ProjectConfigurationPlatforms) = postSolution
		{B6999B1F-7B49-44D7-A415-0CFB42DE0C1F}.Debug|Any CPU.ActiveCfg = Debug|Any CPU
		{B6999B1F-7B49-44D7-A415-0CFB42DE0C1F}.Debug|Any CPU.Build.0 = Debug|Any CPU
		{B6999B1F-7B49-44D7-A415-0CFB42DE0C1F}.Release|Any CPU.ActiveCfg = Release|Any CPU
		{B6999B1F-7B49-44D7-A415-0CFB42DE0C1F}.Release|Any CPU.Build.0 = Release|Any CPU
		{27C3885B-388C-4B32-8E75-B95CB2F576D8}.Debug|Any CPU.ActiveCfg = Debug|Any CPU
		{27C3885B-388C-4B32-8E75-B95CB2F576D8}.Debug|Any CPU.Build.0 = Debug|Any CPU
		{27C3885B-388C-4B32-8E75-B95CB2F576D8}.Release|Any CPU.ActiveCfg = Release|Any CPU
		{27C3885B-388C-4B32-8E75-B95CB2F576D8}.Release|Any CPU.Build.0 = Release|Any CPU
		{31D8D3D1-A73E-417E-8026-55F91BB8A66F}.Debug|Any CPU.ActiveCfg = Debug|Any CPU
		{31D8D3D1-A73E-417E-8026-55F91BB8A66F}.Debug|Any CPU.Build.0 = Debug|Any CPU
		{31D8D3D1-A73E-417E-8026-55F91BB8A66F}.Release|Any CPU.ActiveCfg = Release|Any CPU
		{31D8D3D1-A73E-417E-8026-55F91BB8A66F}.Release|Any CPU.Build.0 = Release|Any CPU
	EndGlobalSection
	GlobalSection(SolutionProperties) = preSolution
		HideSolutionNode = FALSE
	EndGlobalSection
EndGlobal
